
Microsoft Visual Studio Solution File, Format Version 12.00
# Visual Studio Version 16
VisualStudioVersion = 16.0.28803.352
MinimumVisualStudioVersion = 10.0.40219.1
Project("{FAE04EC0-301F-11D3-BF4B-00C04F79EFBC}") = "A level course work Logic Gate", "A level course work Logic Gate\A level course work Logic Gate.csproj", "{F6B37528-1F7F-43CA-ACD1-BEF929DAF16F}"
EndProject
Global
	GlobalSection(SolutionConfigurationPlatforms) = preSolution
		Debug|Any CPU = Debug|Any CPU
		Release|Any CPU = Release|Any CPU
	EndGlobalSection
	GlobalSection(ProjectConfigurationPlatforms) = postSolution
		{F6B37528-1F7F-43CA-ACD1-BEF929DAF16F}.Debug|Any CPU.ActiveCfg = Debug|Any CPU
		{F6B37528-1F7F-43CA-ACD1-BEF929DAF16F}.Debug|Any CPU.Build.0 = Debug|Any CPU
		{F6B37528-1F7F-43CA-ACD1-BEF929DAF16F}.Release|Any CPU.ActiveCfg = Release|Any CPU
		{F6B37528-1F7F-43CA-ACD1-BEF929DAF16F}.Release|Any CPU.Build.0 = Release|Any CPU
	EndGlobalSection
	GlobalSection(SolutionProperties) = preSolution
		HideSolutionNode = FALSE
	EndGlobalSection
	GlobalSection(ExtensibilityGlobals) = postSolution
		SolutionGuid = {E55E48FD-5E1B-4C05-A1C5-8232982E668F}
	EndGlobalSection
EndGlobal
